
Microsoft Visual Studio Solution File, Format Version 12.00
# Visual Studio 15
VisualStudioVersion = 15.0.26730.10
MinimumVisualStudioVersion = 10.0.40219.1
Project("{FAE04EC0-301F-11D3-BF4B-00C04F79EFBC}") = "BeatSaverDownloader", "BeatSaverDownloader\BeatSaverDownloader.csproj", "{2E037C8B-BC3E-41AD-988F-8631AD4828FB}"
EndProject
Global
	GlobalSection(SolutionConfigurationPlatforms) = preSolution
		Debug|Any CPU = Debug|Any CPU
		Release|Any CPU = Release|Any CPU
	EndGlobalSection
	GlobalSection(ProjectConfigurationPlatforms) = postSolution
		{2E037C8B-BC3E-41AD-988F-8631AD4828FB}.Debug|Any CPU.ActiveCfg = NewAPI|Any CPU
		{2E037C8B-BC3E-41AD-988F-8631AD4828FB}.Debug|Any CPU.Build.0 = NewAPI|Any CPU
		{2E037C8B-BC3E-41AD-988F-8631AD4828FB}.Release|Any CPU.ActiveCfg = NewAPI|Any CPU
		{2E037C8B-BC3E-41AD-988F-8631AD4828FB}.Release|Any CPU.Build.0 = NewAPI|Any CPU
	EndGlobalSection
	GlobalSection(SolutionProperties) = preSolution
		HideSolutionNode = FALSE
	EndGlobalSection
	GlobalSection(ExtensibilityGlobals) = postSolution
		SolutionGuid = {2B16FE8B-BB20-424C-ABFA-86C178911293}
	EndGlobalSection
EndGlobal
